<?xml version="1.0" encoding="utf-8"?>
<Project ToolsVersion="4.0" xmlns="http://schemas.microsoft.com/developer/msbuild/2003">
  <ItemGroup>
    <Filter Include="소스 파일">
      <UniqueIdentifier>{4FC737F1-C7A5-4376-A066-2A32D752A2FF}</UniqueIdentifier>
      <Extensions>cpp;c;cc;cxx;c++;cppm;ixx;def;odl;idl;hpj;bat;asm;asmx</Extensions>
    </Filter>
    <Filter Include="헤더 파일">
      <UniqueIdentifier>{93995380-89BD-4b04-88EB-625FBE52EBFB}</UniqueIdentifier>
      <Extensions>h;hh;hpp;hxx;h++;hm;inl;inc;ipp;xsd</Extensions>
    </Filter>
    <Filter Include="리소스 파일">
      <UniqueIdentifier>{67DA6AB6-F800-4c08-8B7A-83BB121AAD01}</UniqueIdentifier>
      <Extensions>rc;ico;cur;bmp;dlg;rc2;rct;bin;rgs;gif;jpg;jpeg;jpe;resx;tiff;tif;png;wav;mfcribbon-ms</Extensions>
    </Filter>
    <Filter Include="소스 파일\Engine">
      <UniqueIdentifier>{aa41a125-7728-45ad-ac36-e0d1028519a1}</UniqueIdentifier>
    </Filter>
    <Filter Include="소스 파일\Engine\Core">
      <UniqueIdentifier>{deff169f-68db-4660-b8b0-a5053c6b110f}</UniqueIdentifier>
    </Filter>
    <Filter Include="헤더 파일\Engine">
      <UniqueIdentifier>{e41ecfab-346f-4cec-bf37-6affc7100e3d}</UniqueIdentifier>
    </Filter>
    <Filter Include="헤더 파일\Engine\Core">
      <UniqueIdentifier>{55def0bb-803f-416e-9500-92c389018ceb}</UniqueIdentifier>
    </Filter>
    <Filter Include="소스 파일\Shaders">
      <UniqueIdentifier>{225ffcf4-93f1-42c4-9675-579cc4be421d}</UniqueIdentifier>
    </Filter>
    <Filter Include="헤더 파일\Engine\ThirdParty">
      <UniqueIdentifier>{4d25e544-08ec-4590-8e8c-094fbb363300}</UniqueIdentifier>
    </Filter>
    <Filter Include="헤더 파일\Engine\ThirdParty\stb">
      <UniqueIdentifier>{0a795e40-9529-4abd-9589-c5d1a5cf88a1}</UniqueIdentifier>
    </Filter>
    <Filter Include="소스 파일\Engine\ThirdParty">
      <UniqueIdentifier>{fbd39ceb-8f48-479e-81ea-18cf7a2edad8}</UniqueIdentifier>
    </Filter>
    <Filter Include="소스 파일\Engine\ThirdParty\stb">
      <UniqueIdentifier>{8a4de309-5898-4b15-8459-7eea7d9934cf}</UniqueIdentifier>
    </Filter>
    <Filter Include="소스 파일\Game">
      <UniqueIdentifier>{9a44b47c-7cbf-4013-b900-954a25eaa085}</UniqueIdentifier>
    </Filter>
    <Filter Include="헤더 파일\Game">
      <UniqueIdentifier>{a2977be4-a1f0-4564-934f-bcca10e54b6c}</UniqueIdentifier>
    </Filter>
    <Filter Include="헤더 파일\Game\Entity">
      <UniqueIdentifier>{b0bbc610-0e61-4a7b-b94f-b67b5ee577b6}</UniqueIdentifier>
    </Filter>
    <Filter Include="헤더 파일\Game\Collision">
      <UniqueIdentifier>{b936b42f-0337-4c01-b8e4-f4c8a6b9365f}</UniqueIdentifier>
    </Filter>
    <Filter Include="소스 파일\Game\Entity">
      <UniqueIdentifier>{ac1049a5-f9d2-464f-bea1-303d2a50bc2c}</UniqueIdentifier>
    </Filter>
    <Filter Include="소스 파일\Game\Animation">
      <UniqueIdentifier>{206cdba9-7897-477e-9067-46d728c25cb7}</UniqueIdentifier>
    </Filter>
    <Filter Include="헤더 파일\Game\Animation">
      <UniqueIdentifier>{e2a3b2e2-cce9-442a-b50a-505b562b57cc}</UniqueIdentifier>
    </Filter>
  </ItemGroup>
  <ItemGroup>
    <ClCompile Include="Main.cpp">
      <Filter>소스 파일</Filter>
    </ClCompile>
    <ClCompile Include="Engine\Core\Application.cpp">
      <Filter>소스 파일\Engine\Core</Filter>
    </ClCompile>
    <ClCompile Include="Engine\ThirdParty\stb\StbImage.cpp">
      <Filter>소스 파일\Engine\ThirdParty\stb</Filter>
    </ClCompile>
    <ClCompile Include="Game\Player.cpp">
      <Filter>소스 파일\Game</Filter>
    </ClCompile>
    <ClCompile Include="Game\Monster.cpp">
      <Filter>소스 파일\Game</Filter>
    </ClCompile>
    <ClCompile Include="Game\Entity\Character.cpp">
      <Filter>소스 파일\Game\Entity</Filter>
    </ClCompile>
    <ClCompile Include="Game\Animation\Animator.cpp">
      <Filter>소스 파일\Game\Animation</Filter>
    </ClCompile>
  </ItemGroup>
  <ItemGroup>
    <ClInclude Include="Engine\Core\Application.h">
      <Filter>헤더 파일\Engine\Core</Filter>
    </ClInclude>
    <ClInclude Include="Engine\ThirdParty\stb\stb_image.h">
      <Filter>헤더 파일\Engine\ThirdParty\stb</Filter>
    </ClInclude>
    <ClInclude Include="Game\Player.h">
      <Filter>헤더 파일\Game</Filter>
    </ClInclude>
    <ClInclude Include="Game\Monster.h">
      <Filter>헤더 파일\Game</Filter>
    </ClInclude>
    <ClInclude Include="Game\Entity\Entity.h">
      <Filter>헤더 파일\Game\Entity</Filter>
    </ClInclude>
    <ClInclude Include="Game\Collision\AABB.h">
      <Filter>헤더 파일\Game\Collision</Filter>
    </ClInclude>
    <ClInclude Include="Game\Entity\Character.h">
      <Filter>헤더 파일\Game\Entity</Filter>
    </ClInclude>
    <ClInclude Include="Game\Animation\AnimationClip.h">
      <Filter>헤더 파일\Game\Animation</Filter>
    </ClInclude>
    <ClInclude Include="Game\Animation\Animator.h">
      <Filter>헤더 파일\Game\Animation</Filter>
    </ClInclude>
  </ItemGroup>
  <ItemGroup>
    <FxCompile Include="Shaders\BasicVS.hlsl">
      <Filter>소스 파일\Shaders</Filter>
    </FxCompile>
    <FxCompile Include="Shaders\BasicPS.hlsl">
      <Filter>소스 파일\Shaders</Filter>
    </FxCompile>
  </ItemGroup>
</Project>